
Microsoft Visual Studio Solution File, Format Version 12.00
# Visual Studio 15
VisualStudioVersion = 15.0.28307.271
MinimumVisualStudioVersion = 10.0.40219.1
Project("{FAE04EC0-301F-11D3-BF4B-00C04F79EFBC}") = "Proyecto", "Proyecto\Proyecto.csproj", "{D85132EC-4606-428D-B9DE-DBEEF0227CD3}"
EndProject
Global
	GlobalSection(SolutionConfigurationPlatforms) = preSolution
		Debug|Any CPU = Debug|Any CPU
		Release|Any CPU = Release|Any CPU
	EndGlobalSection
	GlobalSection(ProjectConfigurationPlatforms) = postSolution
		{D85132EC-4606-428D-B9DE-DBEEF0227CD3}.Debug|Any CPU.ActiveCfg = Debug|Any CPU
		{D85132EC-4606-428D-B9DE-DBEEF0227CD3}.Debug|Any CPU.Build.0 = Debug|Any CPU
		{D85132EC-4606-428D-B9DE-DBEEF0227CD3}.Release|Any CPU.ActiveCfg = Release|Any CPU
		{D85132EC-4606-428D-B9DE-DBEEF0227CD3}.Release|Any CPU.Build.0 = Release|Any CPU
	EndGlobalSection
	GlobalSection(SolutionProperties) = preSolution
		HideSolutionNode = FALSE
	EndGlobalSection
	GlobalSection(ExtensibilityGlobals) = postSolution
		SolutionGuid = {7CEF2CE7-E626-4F61-B612-01D8922BC23D}
	EndGlobalSection
EndGlobal
